
Microsoft Visual Studio Solution File, Format Version 12.00
# Visual Studio Version 17
VisualStudioVersion = 17.11.35327.3
MinimumVisualStudioVersion = 10.0.40219.1
Project("{9A19103F-16F7-4668-BE54-9A1E7A4F7556}") = "ExamProj.Desktop", "ExamProj.Desktop\ExamProj.Desktop.csproj", "{D16B9EA2-C507-4AEE-98E9-A8D90BE8AAE6}"
EndProject
Project("{FAE04EC0-301F-11D3-BF4B-00C04F79EFBC}") = "ExamProj.Lib", "ExamProj.Lib\ExamProj.Lib.csproj", "{54D18F46-CE3A-423C-AB7F-C408858EA89C}"
EndProject
Global
	GlobalSection(SolutionConfigurationPlatforms) = preSolution
		Debug|Any CPU = Debug|Any CPU
		Release|Any CPU = Release|Any CPU
	EndGlobalSection
	GlobalSection(ProjectConfigurationPlatforms) = postSolution
		{D16B9EA2-C507-4AEE-98E9-A8D90BE8AAE6}.Debug|Any CPU.ActiveCfg = Debug|Any CPU
		{D16B9EA2-C507-4AEE-98E9-A8D90BE8AAE6}.Debug|Any CPU.Build.0 = Debug|Any CPU
		{D16B9EA2-C507-4AEE-98E9-A8D90BE8AAE6}.Release|Any CPU.ActiveCfg = Release|Any CPU
		{D16B9EA2-C507-4AEE-98E9-A8D90BE8AAE6}.Release|Any CPU.Build.0 = Release|Any CPU
		{54D18F46-CE3A-423C-AB7F-C408858EA89C}.Debug|Any CPU.ActiveCfg = Debug|Any CPU
		{54D18F46-CE3A-423C-AB7F-C408858EA89C}.Debug|Any CPU.Build.0 = Debug|Any CPU
		{54D18F46-CE3A-423C-AB7F-C408858EA89C}.Release|Any CPU.ActiveCfg = Release|Any CPU
		{54D18F46-CE3A-423C-AB7F-C408858EA89C}.Release|Any CPU.Build.0 = Release|Any CPU
	EndGlobalSection
	GlobalSection(SolutionProperties) = preSolution
		HideSolutionNode = FALSE
	EndGlobalSection
	GlobalSection(ExtensibilityGlobals) = postSolution
		SolutionGuid = {E6299911-B23D-4D16-9879-8750C0FAC16D}
	EndGlobalSection
EndGlobal
