
Microsoft Visual Studio Solution File, Format Version 12.00
Project("{FAE04EC0-301F-11D3-BF4B-00C04F79EFBC}") = "ExamProj.Desktop", "ExamProj.Desktop\ExamProj.Desktop.csproj", "{D16B9EA2-C507-4AEE-98E9-A8D90BE8AAE6}"
EndProject
Global
	GlobalSection(SolutionConfigurationPlatforms) = preSolution
		Debug|Any CPU = Debug|Any CPU
		Release|Any CPU = Release|Any CPU
	EndGlobalSection
	GlobalSection(ProjectConfigurationPlatforms) = postSolution
		{D16B9EA2-C507-4AEE-98E9-A8D90BE8AAE6}.Debug|Any CPU.ActiveCfg = Debug|Any CPU
		{D16B9EA2-C507-4AEE-98E9-A8D90BE8AAE6}.Debug|Any CPU.Build.0 = Debug|Any CPU
		{D16B9EA2-C507-4AEE-98E9-A8D90BE8AAE6}.Release|Any CPU.ActiveCfg = Release|Any CPU
		{D16B9EA2-C507-4AEE-98E9-A8D90BE8AAE6}.Release|Any CPU.Build.0 = Release|Any CPU
	EndGlobalSection
EndGlobal
